
Microsoft Visual Studio Solution File, Format Version 12.00
# Visual Studio Version 17
VisualStudioVersion = 17.4.33213.308
MinimumVisualStudioVersion = 10.0.40219.1
Project("{9A19103F-16F7-4668-BE54-9A1E7A4F7556}") = "Votp", "Votp\Votp.csproj", "{AE6DB1FF-D35C-4218-9F4B-635B6B81DE98}"
EndProject
Project("{9A19103F-16F7-4668-BE54-9A1E7A4F7556}") = "Votp.DS.Database", "Votp.DS.Database\Votp.DS.Database.csproj", "{28A3AD9C-B99E-41D1-952F-2562988E3656}"
EndProject
Project("{9A19103F-16F7-4668-BE54-9A1E7A4F7556}") = "Votp.Utils", "Votp.Utils\Votp.Utils.csproj", "{007A11E6-42C4-48FE-9061-709D1F59FEBA}"
EndProject
Project("{FAE04EC0-301F-11D3-BF4B-00C04F79EFBC}") = "Tests.Votp", "Tests.Votp\Tests.Votp.csproj", "{D7EA993F-1AE8-4ECC-BE58-89241E7ACB3D}"
EndProject
Global
	GlobalSection(SolutionConfigurationPlatforms) = preSolution
		Debug|Any CPU = Debug|Any CPU
		Release|Any CPU = Release|Any CPU
	EndGlobalSection
	GlobalSection(ProjectConfigurationPlatforms) = postSolution
		{AE6DB1FF-D35C-4218-9F4B-635B6B81DE98}.Debug|Any CPU.ActiveCfg = Debug|Any CPU
		{AE6DB1FF-D35C-4218-9F4B-635B6B81DE98}.Debug|Any CPU.Build.0 = Debug|Any CPU
		{AE6DB1FF-D35C-4218-9F4B-635B6B81DE98}.Release|Any CPU.ActiveCfg = Release|Any CPU
		{AE6DB1FF-D35C-4218-9F4B-635B6B81DE98}.Release|Any CPU.Build.0 = Release|Any CPU
		{28A3AD9C-B99E-41D1-952F-2562988E3656}.Debug|Any CPU.ActiveCfg = Debug|Any CPU
		{28A3AD9C-B99E-41D1-952F-2562988E3656}.Debug|Any CPU.Build.0 = Debug|Any CPU
		{28A3AD9C-B99E-41D1-952F-2562988E3656}.Release|Any CPU.ActiveCfg = Release|Any CPU
		{28A3AD9C-B99E-41D1-952F-2562988E3656}.Release|Any CPU.Build.0 = Release|Any CPU
		{007A11E6-42C4-48FE-9061-709D1F59FEBA}.Debug|Any CPU.ActiveCfg = Debug|Any CPU
		{007A11E6-42C4-48FE-9061-709D1F59FEBA}.Debug|Any CPU.Build.0 = Debug|Any CPU
		{007A11E6-42C4-48FE-9061-709D1F59FEBA}.Release|Any CPU.ActiveCfg = Release|Any CPU
		{007A11E6-42C4-48FE-9061-709D1F59FEBA}.Release|Any CPU.Build.0 = Release|Any CPU
		{D7EA993F-1AE8-4ECC-BE58-89241E7ACB3D}.Debug|Any CPU.ActiveCfg = Debug|Any CPU
		{D7EA993F-1AE8-4ECC-BE58-89241E7ACB3D}.Debug|Any CPU.Build.0 = Debug|Any CPU
		{D7EA993F-1AE8-4ECC-BE58-89241E7ACB3D}.Release|Any CPU.ActiveCfg = Release|Any CPU
		{D7EA993F-1AE8-4ECC-BE58-89241E7ACB3D}.Release|Any CPU.Build.0 = Release|Any CPU
	EndGlobalSection
	GlobalSection(SolutionProperties) = preSolution
		HideSolutionNode = FALSE
	EndGlobalSection
	GlobalSection(ExtensibilityGlobals) = postSolution
		SolutionGuid = {7DFDF871-3F48-402D-A1FA-2D6ABB0205EA}
	EndGlobalSection
EndGlobal
