
Microsoft Visual Studio Solution File, Format Version 12.00
# Visual Studio Version 17
VisualStudioVersion = 17.4.33213.308
MinimumVisualStudioVersion = 10.0.40219.1
Project("{9A19103F-16F7-4668-BE54-9A1E7A4F7556}") = "Votp", "Votp\Votp.csproj", "{AE6DB1FF-D35C-4218-9F4B-635B6B81DE98}"
EndProject
Project("{9A19103F-16F7-4668-BE54-9A1E7A4F7556}") = "Votp.DS.Database", "Votp.DS.Database\Votp.DS.Database.csproj", "{28A3AD9C-B99E-41D1-952F-2562988E3656}"
EndProject
Project("{9A19103F-16F7-4668-BE54-9A1E7A4F7556}") = "Votp.Utils", "Votp.Utils\Votp.Utils.csproj", "{007A11E6-42C4-48FE-9061-709D1F59FEBA}"
EndProject
Project("{9A19103F-16F7-4668-BE54-9A1E7A4F7556}") = "Tests.Votp", "Tests.Votp\Tests.Votp.csproj", "{D7EA993F-1AE8-4ECC-BE58-89241E7ACB3D}"
EndProject
Project("{9A19103F-16F7-4668-BE54-9A1E7A4F7556}") = "Votp.Contracts", "Votp.Contracts\Votp.Contracts.csproj", "{22692537-DECF-4315-BDE5-C18A77052D94}"
EndProject
Project("{9A19103F-16F7-4668-BE54-9A1E7A4F7556}") = "Votp.DS.Entities", "Votp.DS.Entities\Votp.DS.Entities.csproj", "{4B2D7AD0-E98E-416D-8ED4-69A2C7F2878F}"
EndProject
Project("{9A19103F-16F7-4668-BE54-9A1E7A4F7556}") = "Votp.Services", "Votp.Services\Votp.Services.csproj", "{DA4EBBB0-D079-43E0-9BDF-33FCB999F40F}"
EndProject
Project("{9A19103F-16F7-4668-BE54-9A1E7A4F7556}") = "Votp.UserResolver", "Votp.UserResolver\Votp.UserResolver.csproj", "{C8876CBB-10C9-45E8-8BB7-A4E30451B417}"
EndProject
Project("{9A19103F-16F7-4668-BE54-9A1E7A4F7556}") = "Votp.Tokens", "Votp.Tokens\Votp.Tokens.csproj", "{9AB2AC6F-6635-4886-BBD2-920ADBE628A5}"
EndProject
Project("{9A19103F-16F7-4668-BE54-9A1E7A4F7556}") = "Votp.Tokens.Abstractions", "Votp.Tokens.Abstractions\Votp.Tokens.Abstractions.csproj", "{5F54D8DD-69C3-4B9F-A95F-6C1B0A96A44D}"
EndProject
Project("{FAE04EC0-301F-11D3-BF4B-00C04F79EFBC}") = "Votp.Exceptions", "Votp.Exceptions\Votp.Exceptions.csproj", "{FED16131-AA31-4495-BFC0-1D85C6AA7E0B}"
EndProject
Global
	GlobalSection(SolutionConfigurationPlatforms) = preSolution
		Debug|Any CPU = Debug|Any CPU
		Release|Any CPU = Release|Any CPU
	EndGlobalSection
	GlobalSection(ProjectConfigurationPlatforms) = postSolution
		{AE6DB1FF-D35C-4218-9F4B-635B6B81DE98}.Debug|Any CPU.ActiveCfg = Debug|Any CPU
		{AE6DB1FF-D35C-4218-9F4B-635B6B81DE98}.Debug|Any CPU.Build.0 = Debug|Any CPU
		{AE6DB1FF-D35C-4218-9F4B-635B6B81DE98}.Release|Any CPU.ActiveCfg = Release|Any CPU
		{AE6DB1FF-D35C-4218-9F4B-635B6B81DE98}.Release|Any CPU.Build.0 = Release|Any CPU
		{28A3AD9C-B99E-41D1-952F-2562988E3656}.Debug|Any CPU.ActiveCfg = Debug|Any CPU
		{28A3AD9C-B99E-41D1-952F-2562988E3656}.Debug|Any CPU.Build.0 = Debug|Any CPU
		{28A3AD9C-B99E-41D1-952F-2562988E3656}.Release|Any CPU.ActiveCfg = Release|Any CPU
		{28A3AD9C-B99E-41D1-952F-2562988E3656}.Release|Any CPU.Build.0 = Release|Any CPU
		{007A11E6-42C4-48FE-9061-709D1F59FEBA}.Debug|Any CPU.ActiveCfg = Debug|Any CPU
		{007A11E6-42C4-48FE-9061-709D1F59FEBA}.Debug|Any CPU.Build.0 = Debug|Any CPU
		{007A11E6-42C4-48FE-9061-709D1F59FEBA}.Release|Any CPU.ActiveCfg = Release|Any CPU
		{007A11E6-42C4-48FE-9061-709D1F59FEBA}.Release|Any CPU.Build.0 = Release|Any CPU
		{D7EA993F-1AE8-4ECC-BE58-89241E7ACB3D}.Debug|Any CPU.ActiveCfg = Debug|Any CPU
		{D7EA993F-1AE8-4ECC-BE58-89241E7ACB3D}.Debug|Any CPU.Build.0 = Debug|Any CPU
		{D7EA993F-1AE8-4ECC-BE58-89241E7ACB3D}.Release|Any CPU.ActiveCfg = Release|Any CPU
		{D7EA993F-1AE8-4ECC-BE58-89241E7ACB3D}.Release|Any CPU.Build.0 = Release|Any CPU
		{22692537-DECF-4315-BDE5-C18A77052D94}.Debug|Any CPU.ActiveCfg = Debug|Any CPU
		{22692537-DECF-4315-BDE5-C18A77052D94}.Debug|Any CPU.Build.0 = Debug|Any CPU
		{22692537-DECF-4315-BDE5-C18A77052D94}.Release|Any CPU.ActiveCfg = Release|Any CPU
		{22692537-DECF-4315-BDE5-C18A77052D94}.Release|Any CPU.Build.0 = Release|Any CPU
		{4B2D7AD0-E98E-416D-8ED4-69A2C7F2878F}.Debug|Any CPU.ActiveCfg = Debug|Any CPU
		{4B2D7AD0-E98E-416D-8ED4-69A2C7F2878F}.Debug|Any CPU.Build.0 = Debug|Any CPU
		{4B2D7AD0-E98E-416D-8ED4-69A2C7F2878F}.Release|Any CPU.ActiveCfg = Release|Any CPU
		{4B2D7AD0-E98E-416D-8ED4-69A2C7F2878F}.Release|Any CPU.Build.0 = Release|Any CPU
		{DA4EBBB0-D079-43E0-9BDF-33FCB999F40F}.Debug|Any CPU.ActiveCfg = Debug|Any CPU
		{DA4EBBB0-D079-43E0-9BDF-33FCB999F40F}.Debug|Any CPU.Build.0 = Debug|Any CPU
		{DA4EBBB0-D079-43E0-9BDF-33FCB999F40F}.Release|Any CPU.ActiveCfg = Release|Any CPU
		{DA4EBBB0-D079-43E0-9BDF-33FCB999F40F}.Release|Any CPU.Build.0 = Release|Any CPU
		{C8876CBB-10C9-45E8-8BB7-A4E30451B417}.Debug|Any CPU.ActiveCfg = Debug|Any CPU
		{C8876CBB-10C9-45E8-8BB7-A4E30451B417}.Debug|Any CPU.Build.0 = Debug|Any CPU
		{C8876CBB-10C9-45E8-8BB7-A4E30451B417}.Release|Any CPU.ActiveCfg = Release|Any CPU
		{C8876CBB-10C9-45E8-8BB7-A4E30451B417}.Release|Any CPU.Build.0 = Release|Any CPU
		{9AB2AC6F-6635-4886-BBD2-920ADBE628A5}.Debug|Any CPU.ActiveCfg = Debug|Any CPU
		{9AB2AC6F-6635-4886-BBD2-920ADBE628A5}.Debug|Any CPU.Build.0 = Debug|Any CPU
		{9AB2AC6F-6635-4886-BBD2-920ADBE628A5}.Release|Any CPU.ActiveCfg = Release|Any CPU
		{9AB2AC6F-6635-4886-BBD2-920ADBE628A5}.Release|Any CPU.Build.0 = Release|Any CPU
		{5F54D8DD-69C3-4B9F-A95F-6C1B0A96A44D}.Debug|Any CPU.ActiveCfg = Debug|Any CPU
		{5F54D8DD-69C3-4B9F-A95F-6C1B0A96A44D}.Debug|Any CPU.Build.0 = Debug|Any CPU
		{5F54D8DD-69C3-4B9F-A95F-6C1B0A96A44D}.Release|Any CPU.ActiveCfg = Release|Any CPU
		{5F54D8DD-69C3-4B9F-A95F-6C1B0A96A44D}.Release|Any CPU.Build.0 = Release|Any CPU
		{FED16131-AA31-4495-BFC0-1D85C6AA7E0B}.Debug|Any CPU.ActiveCfg = Debug|Any CPU
		{FED16131-AA31-4495-BFC0-1D85C6AA7E0B}.Debug|Any CPU.Build.0 = Debug|Any CPU
		{FED16131-AA31-4495-BFC0-1D85C6AA7E0B}.Release|Any CPU.ActiveCfg = Release|Any CPU
		{FED16131-AA31-4495-BFC0-1D85C6AA7E0B}.Release|Any CPU.Build.0 = Release|Any CPU
	EndGlobalSection
	GlobalSection(SolutionProperties) = preSolution
		HideSolutionNode = FALSE
	EndGlobalSection
	GlobalSection(ExtensibilityGlobals) = postSolution
		SolutionGuid = {7DFDF871-3F48-402D-A1FA-2D6ABB0205EA}
	EndGlobalSection
EndGlobal
